
Microsoft Visual Studio Solution File, Format Version 12.00
# Visual Studio Version 17
VisualStudioVersion = 17.7.34031.279
MinimumVisualStudioVersion = 10.0.40219.1
Project("{FAE04EC0-301F-11D3-BF4B-00C04F79EFBC}") = "Main", "Main\Main.csproj", "{6F86F576-02FC-4B9A-AF67-ACD1BC960245}"
EndProject
Project("{FAE04EC0-301F-11D3-BF4B-00C04F79EFBC}") = "KimPhuong", "KimPhuong\KimPhuong.csproj", "{6BB99E31-29E3-40B2-8148-34D19AC550AD}"
EndProject
Global
	GlobalSection(SolutionConfigurationPlatforms) = preSolution
		Debug|Any CPU = Debug|Any CPU
		Release|Any CPU = Release|Any CPU
	EndGlobalSection
	GlobalSection(ProjectConfigurationPlatforms) = postSolution
		{6F86F576-02FC-4B9A-AF67-ACD1BC960245}.Debug|Any CPU.ActiveCfg = Debug|Any CPU
		{6F86F576-02FC-4B9A-AF67-ACD1BC960245}.Debug|Any CPU.Build.0 = Debug|Any CPU
		{6F86F576-02FC-4B9A-AF67-ACD1BC960245}.Release|Any CPU.ActiveCfg = Release|Any CPU
		{6F86F576-02FC-4B9A-AF67-ACD1BC960245}.Release|Any CPU.Build.0 = Release|Any CPU
		{6BB99E31-29E3-40B2-8148-34D19AC550AD}.Debug|Any CPU.ActiveCfg = Debug|Any CPU
		{6BB99E31-29E3-40B2-8148-34D19AC550AD}.Debug|Any CPU.Build.0 = Debug|Any CPU
		{6BB99E31-29E3-40B2-8148-34D19AC550AD}.Release|Any CPU.ActiveCfg = Release|Any CPU
		{6BB99E31-29E3-40B2-8148-34D19AC550AD}.Release|Any CPU.Build.0 = Release|Any CPU
	EndGlobalSection
	GlobalSection(SolutionProperties) = preSolution
		HideSolutionNode = FALSE
	EndGlobalSection
	GlobalSection(ExtensibilityGlobals) = postSolution
		SolutionGuid = {D3841029-32DC-4320-A453-CCB57A2D378D}
	EndGlobalSection
EndGlobal
